
Microsoft Visual Studio Solution File, Format Version 12.00
# Visual Studio 14
VisualStudioVersion = 14.0.25420.1
MinimumVisualStudioVersion = 10.0.40219.1
Project("{FAE04EC0-301F-11D3-BF4B-00C04F79EFBC}") = "DotNetFollower.Akka.Common", "DotNetFollower.Akka.Common\DotNetFollower.Akka.Common.csproj", "{CD7B66F3-39CC-40BA-B0A3-A0BA6AD2022C}"
EndProject
Project("{FAE04EC0-301F-11D3-BF4B-00C04F79EFBC}") = "DotNetFollower.Akka.TestApp", "DotNetFollower.Akka.TestApp\DotNetFollower.Akka.TestApp.csproj", "{AF1C8122-98E8-4636-B9C1-F289A5DA45C7}"
EndProject
Global
	GlobalSection(SolutionConfigurationPlatforms) = preSolution
		Debug|Any CPU = Debug|Any CPU
		Release|Any CPU = Release|Any CPU
	EndGlobalSection
	GlobalSection(ProjectConfigurationPlatforms) = postSolution
		{CD7B66F3-39CC-40BA-B0A3-A0BA6AD2022C}.Debug|Any CPU.ActiveCfg = Debug|Any CPU
		{CD7B66F3-39CC-40BA-B0A3-A0BA6AD2022C}.Debug|Any CPU.Build.0 = Debug|Any CPU
		{CD7B66F3-39CC-40BA-B0A3-A0BA6AD2022C}.Release|Any CPU.ActiveCfg = Release|Any CPU
		{CD7B66F3-39CC-40BA-B0A3-A0BA6AD2022C}.Release|Any CPU.Build.0 = Release|Any CPU
		{AF1C8122-98E8-4636-B9C1-F289A5DA45C7}.Debug|Any CPU.ActiveCfg = Debug|Any CPU
		{AF1C8122-98E8-4636-B9C1-F289A5DA45C7}.Debug|Any CPU.Build.0 = Debug|Any CPU
		{AF1C8122-98E8-4636-B9C1-F289A5DA45C7}.Release|Any CPU.ActiveCfg = Release|Any CPU
		{AF1C8122-98E8-4636-B9C1-F289A5DA45C7}.Release|Any CPU.Build.0 = Release|Any CPU
	EndGlobalSection
	GlobalSection(SolutionProperties) = preSolution
		HideSolutionNode = FALSE
	EndGlobalSection
EndGlobal
